{
  "name": "lab3-example",
  "version": "1.0.0",
  "lockfileVersion": 3,
  "requires": true,
  "packages": {
    "": {
      "name": "lab3-example",
      "version": "1.0.0",
      "license": "MIT",
      "dependencies": {
        "lab3": "file:../lab3"
      }
    },
    "../lab3": {
      "version": "1.0.0",
      "license": "MIT"
    },
    "node_modules/lab3": {
      "resolved": "../lab3",
      "link": true
    }
  }
}
