{
  "name": "lab2",
  "version": "1.0.0",
  "lockfileVersion": 3,
  "requires": true,
  "packages": {
    "": {
      "name": "lab2",
      "version": "1.0.0",
      "license": "MIT",
      "dependencies": {
        "lab1": "file:../lab1"
      }
    },
    "../lab1": {
      "version": "1.0.0",
      "license": "MIT"
    },
    "node_modules/lab1": {
      "resolved": "../lab1",
      "link": true
    }
  }
}
